
Microsoft Visual Studio Solution File, Format Version 12.00
# Visual Studio 15
VisualStudioVersion = 15.0.28307.572
MinimumVisualStudioVersion = 10.0.40219.1
Project("{2150E333-8FDC-42A3-9474-1A3956D46DE8}") = "Solution Items", "Solution Items", "{0AF0BADF-D89E-41BA-B552-7D4DE8CF48DB}"
	ProjectSection(SolutionItems) = preProject
		COPYING = COPYING
		LICENSE = LICENSE
		PRIVACY.md = PRIVACY.md
		README.md = README.md
	EndProjectSection
EndProject
Project("{FAE04EC0-301F-11D3-BF4B-00C04F79EFBC}") = "OpenKHS.Universal", "OpenKHS.Universal\OpenKHS.Universal.csproj", "{A512AC85-3D7B-4FAC-8C10-F65AF7F47822}"
EndProject
Project("{9A19103F-16F7-4668-BE54-9A1E7A4F7556}") = "OpenKHS.Interfaces", "OpenKHS.Interfaces\OpenKHS.Interfaces.csproj", "{3695D1E5-6BC0-471B-A096-F773E1C25694}"
EndProject
Project("{9A19103F-16F7-4668-BE54-9A1E7A4F7556}") = "OpenKHS.Data", "OpenKHS.Data\OpenKHS.Data.csproj", "{82FA82D2-8367-40C2-992E-EC2AEA88233B}"
EndProject
Project("{9A19103F-16F7-4668-BE54-9A1E7A4F7556}") = "OpenKHS.Models", "OpenKHS.Models\OpenKHS.Models.csproj", "{21DCA6CA-B55A-4B2B-888F-324B8094414B}"
EndProject
Project("{9A19103F-16F7-4668-BE54-9A1E7A4F7556}") = "OpenKHS.ViewModels", "OpenKHS.ViewModels\OpenKHS.ViewModels.csproj", "{380297E3-B520-4D50-815C-D52CA2CBC4AC}"
EndProject
Project("{9A19103F-16F7-4668-BE54-9A1E7A4F7556}") = "OpenKHS.Seeder", "OpenKHS.Seeder\OpenKHS.Seeder.csproj", "{02B1FFC2-0C7D-42C8-BEEC-1D69AF5049A7}"
EndProject
Project("{9A19103F-16F7-4668-BE54-9A1E7A4F7556}") = "OpenKHS.Test", "OpenKHS.Test\OpenKHS.Test.csproj", "{1FF55461-9C1D-4F81-8E14-183BA33F8C01}"
EndProject
Project("{FAE04EC0-301F-11D3-BF4B-00C04F79EFBC}") = "OpenKHS.Common", "OpenKHS.Common\OpenKHS.Common.csproj", "{F861B151-DF69-4A5B-9127-247642E7BDB3}"
EndProject
Global
	GlobalSection(SolutionConfigurationPlatforms) = preSolution
		Debug|Any CPU = Debug|Any CPU
		Debug|ARM = Debug|ARM
		Debug|ARM64 = Debug|ARM64
		Debug|x64 = Debug|x64
		Debug|x86 = Debug|x86
		Release|Any CPU = Release|Any CPU
		Release|ARM = Release|ARM
		Release|ARM64 = Release|ARM64
		Release|x64 = Release|x64
		Release|x86 = Release|x86
	EndGlobalSection
	GlobalSection(ProjectConfigurationPlatforms) = postSolution
		{A512AC85-3D7B-4FAC-8C10-F65AF7F47822}.Debug|Any CPU.ActiveCfg = Debug|x86
		{A512AC85-3D7B-4FAC-8C10-F65AF7F47822}.Debug|Any CPU.Build.0 = Debug|x86
		{A512AC85-3D7B-4FAC-8C10-F65AF7F47822}.Debug|Any CPU.Deploy.0 = Debug|x86
		{A512AC85-3D7B-4FAC-8C10-F65AF7F47822}.Debug|ARM.ActiveCfg = Debug|ARM
		{A512AC85-3D7B-4FAC-8C10-F65AF7F47822}.Debug|ARM.Build.0 = Debug|ARM
		{A512AC85-3D7B-4FAC-8C10-F65AF7F47822}.Debug|ARM.Deploy.0 = Debug|ARM
		{A512AC85-3D7B-4FAC-8C10-F65AF7F47822}.Debug|ARM64.ActiveCfg = Debug|ARM64
		{A512AC85-3D7B-4FAC-8C10-F65AF7F47822}.Debug|ARM64.Build.0 = Debug|ARM64
		{A512AC85-3D7B-4FAC-8C10-F65AF7F47822}.Debug|ARM64.Deploy.0 = Debug|ARM64
		{A512AC85-3D7B-4FAC-8C10-F65AF7F47822}.Debug|x64.ActiveCfg = Debug|x64
		{A512AC85-3D7B-4FAC-8C10-F65AF7F47822}.Debug|x64.Build.0 = Debug|x64
		{A512AC85-3D7B-4FAC-8C10-F65AF7F47822}.Debug|x64.Deploy.0 = Debug|x64
		{A512AC85-3D7B-4FAC-8C10-F65AF7F47822}.Debug|x86.ActiveCfg = Debug|x86
		{A512AC85-3D7B-4FAC-8C10-F65AF7F47822}.Debug|x86.Build.0 = Debug|x86
		{A512AC85-3D7B-4FAC-8C10-F65AF7F47822}.Debug|x86.Deploy.0 = Debug|x86
		{A512AC85-3D7B-4FAC-8C10-F65AF7F47822}.Release|Any CPU.ActiveCfg = Release|x86
		{A512AC85-3D7B-4FAC-8C10-F65AF7F47822}.Release|ARM.ActiveCfg = Release|ARM
		{A512AC85-3D7B-4FAC-8C10-F65AF7F47822}.Release|ARM.Build.0 = Release|ARM
		{A512AC85-3D7B-4FAC-8C10-F65AF7F47822}.Release|ARM.Deploy.0 = Release|ARM
		{A512AC85-3D7B-4FAC-8C10-F65AF7F47822}.Release|ARM64.ActiveCfg = Release|ARM64
		{A512AC85-3D7B-4FAC-8C10-F65AF7F47822}.Release|ARM64.Build.0 = Release|ARM64
		{A512AC85-3D7B-4FAC-8C10-F65AF7F47822}.Release|ARM64.Deploy.0 = Release|ARM64
		{A512AC85-3D7B-4FAC-8C10-F65AF7F47822}.Release|x64.ActiveCfg = Release|x64
		{A512AC85-3D7B-4FAC-8C10-F65AF7F47822}.Release|x64.Build.0 = Release|x64
		{A512AC85-3D7B-4FAC-8C10-F65AF7F47822}.Release|x64.Deploy.0 = Release|x64
		{A512AC85-3D7B-4FAC-8C10-F65AF7F47822}.Release|x86.ActiveCfg = Release|x86
		{A512AC85-3D7B-4FAC-8C10-F65AF7F47822}.Release|x86.Build.0 = Release|x86
		{A512AC85-3D7B-4FAC-8C10-F65AF7F47822}.Release|x86.Deploy.0 = Release|x86
		{3695D1E5-6BC0-471B-A096-F773E1C25694}.Debug|Any CPU.ActiveCfg = Debug|Any CPU
		{3695D1E5-6BC0-471B-A096-F773E1C25694}.Debug|Any CPU.Build.0 = Debug|Any CPU
		{3695D1E5-6BC0-471B-A096-F773E1C25694}.Debug|ARM.ActiveCfg = Debug|Any CPU
		{3695D1E5-6BC0-471B-A096-F773E1C25694}.Debug|ARM.Build.0 = Debug|Any CPU
		{3695D1E5-6BC0-471B-A096-F773E1C25694}.Debug|ARM64.ActiveCfg = Debug|Any CPU
		{3695D1E5-6BC0-471B-A096-F773E1C25694}.Debug|ARM64.Build.0 = Debug|Any CPU
		{3695D1E5-6BC0-471B-A096-F773E1C25694}.Debug|x64.ActiveCfg = Debug|Any CPU
		{3695D1E5-6BC0-471B-A096-F773E1C25694}.Debug|x64.Build.0 = Debug|Any CPU
		{3695D1E5-6BC0-471B-A096-F773E1C25694}.Debug|x86.ActiveCfg = Debug|Any CPU
		{3695D1E5-6BC0-471B-A096-F773E1C25694}.Debug|x86.Build.0 = Debug|Any CPU
		{3695D1E5-6BC0-471B-A096-F773E1C25694}.Release|Any CPU.ActiveCfg = Release|Any CPU
		{3695D1E5-6BC0-471B-A096-F773E1C25694}.Release|Any CPU.Build.0 = Release|Any CPU
		{3695D1E5-6BC0-471B-A096-F773E1C25694}.Release|ARM.ActiveCfg = Release|Any CPU
		{3695D1E5-6BC0-471B-A096-F773E1C25694}.Release|ARM.Build.0 = Release|Any CPU
		{3695D1E5-6BC0-471B-A096-F773E1C25694}.Release|ARM64.ActiveCfg = Release|Any CPU
		{3695D1E5-6BC0-471B-A096-F773E1C25694}.Release|ARM64.Build.0 = Release|Any CPU
		{3695D1E5-6BC0-471B-A096-F773E1C25694}.Release|x64.ActiveCfg = Release|Any CPU
		{3695D1E5-6BC0-471B-A096-F773E1C25694}.Release|x64.Build.0 = Release|Any CPU
		{3695D1E5-6BC0-471B-A096-F773E1C25694}.Release|x86.ActiveCfg = Release|Any CPU
		{3695D1E5-6BC0-471B-A096-F773E1C25694}.Release|x86.Build.0 = Release|Any CPU
		{82FA82D2-8367-40C2-992E-EC2AEA88233B}.Debug|Any CPU.ActiveCfg = Debug|Any CPU
		{82FA82D2-8367-40C2-992E-EC2AEA88233B}.Debug|Any CPU.Build.0 = Debug|Any CPU
		{82FA82D2-8367-40C2-992E-EC2AEA88233B}.Debug|ARM.ActiveCfg = Debug|Any CPU
		{82FA82D2-8367-40C2-992E-EC2AEA88233B}.Debug|ARM.Build.0 = Debug|Any CPU
		{82FA82D2-8367-40C2-992E-EC2AEA88233B}.Debug|ARM64.ActiveCfg = Debug|Any CPU
		{82FA82D2-8367-40C2-992E-EC2AEA88233B}.Debug|ARM64.Build.0 = Debug|Any CPU
		{82FA82D2-8367-40C2-992E-EC2AEA88233B}.Debug|x64.ActiveCfg = Debug|Any CPU
		{82FA82D2-8367-40C2-992E-EC2AEA88233B}.Debug|x64.Build.0 = Debug|Any CPU
		{82FA82D2-8367-40C2-992E-EC2AEA88233B}.Debug|x86.ActiveCfg = Debug|Any CPU
		{82FA82D2-8367-40C2-992E-EC2AEA88233B}.Debug|x86.Build.0 = Debug|Any CPU
		{82FA82D2-8367-40C2-992E-EC2AEA88233B}.Release|Any CPU.ActiveCfg = Release|Any CPU
		{82FA82D2-8367-40C2-992E-EC2AEA88233B}.Release|Any CPU.Build.0 = Release|Any CPU
		{82FA82D2-8367-40C2-992E-EC2AEA88233B}.Release|ARM.ActiveCfg = Release|Any CPU
		{82FA82D2-8367-40C2-992E-EC2AEA88233B}.Release|ARM.Build.0 = Release|Any CPU
		{82FA82D2-8367-40C2-992E-EC2AEA88233B}.Release|ARM64.ActiveCfg = Release|Any CPU
		{82FA82D2-8367-40C2-992E-EC2AEA88233B}.Release|ARM64.Build.0 = Release|Any CPU
		{82FA82D2-8367-40C2-992E-EC2AEA88233B}.Release|x64.ActiveCfg = Release|Any CPU
		{82FA82D2-8367-40C2-992E-EC2AEA88233B}.Release|x64.Build.0 = Release|Any CPU
		{82FA82D2-8367-40C2-992E-EC2AEA88233B}.Release|x86.ActiveCfg = Release|Any CPU
		{82FA82D2-8367-40C2-992E-EC2AEA88233B}.Release|x86.Build.0 = Release|Any CPU
		{21DCA6CA-B55A-4B2B-888F-324B8094414B}.Debug|Any CPU.ActiveCfg = Debug|Any CPU
		{21DCA6CA-B55A-4B2B-888F-324B8094414B}.Debug|Any CPU.Build.0 = Debug|Any CPU
		{21DCA6CA-B55A-4B2B-888F-324B8094414B}.Debug|ARM.ActiveCfg = Debug|Any CPU
		{21DCA6CA-B55A-4B2B-888F-324B8094414B}.Debug|ARM.Build.0 = Debug|Any CPU
		{21DCA6CA-B55A-4B2B-888F-324B8094414B}.Debug|ARM64.ActiveCfg = Debug|Any CPU
		{21DCA6CA-B55A-4B2B-888F-324B8094414B}.Debug|ARM64.Build.0 = Debug|Any CPU
		{21DCA6CA-B55A-4B2B-888F-324B8094414B}.Debug|x64.ActiveCfg = Debug|Any CPU
		{21DCA6CA-B55A-4B2B-888F-324B8094414B}.Debug|x64.Build.0 = Debug|Any CPU
		{21DCA6CA-B55A-4B2B-888F-324B8094414B}.Debug|x86.ActiveCfg = Debug|Any CPU
		{21DCA6CA-B55A-4B2B-888F-324B8094414B}.Debug|x86.Build.0 = Debug|Any CPU
		{21DCA6CA-B55A-4B2B-888F-324B8094414B}.Release|Any CPU.ActiveCfg = Release|Any CPU
		{21DCA6CA-B55A-4B2B-888F-324B8094414B}.Release|Any CPU.Build.0 = Release|Any CPU
		{21DCA6CA-B55A-4B2B-888F-324B8094414B}.Release|ARM.ActiveCfg = Release|Any CPU
		{21DCA6CA-B55A-4B2B-888F-324B8094414B}.Release|ARM.Build.0 = Release|Any CPU
		{21DCA6CA-B55A-4B2B-888F-324B8094414B}.Release|ARM64.ActiveCfg = Release|Any CPU
		{21DCA6CA-B55A-4B2B-888F-324B8094414B}.Release|ARM64.Build.0 = Release|Any CPU
		{21DCA6CA-B55A-4B2B-888F-324B8094414B}.Release|x64.ActiveCfg = Release|Any CPU
		{21DCA6CA-B55A-4B2B-888F-324B8094414B}.Release|x64.Build.0 = Release|Any CPU
		{21DCA6CA-B55A-4B2B-888F-324B8094414B}.Release|x86.ActiveCfg = Release|Any CPU
		{21DCA6CA-B55A-4B2B-888F-324B8094414B}.Release|x86.Build.0 = Release|Any CPU
		{380297E3-B520-4D50-815C-D52CA2CBC4AC}.Debug|Any CPU.ActiveCfg = Debug|Any CPU
		{380297E3-B520-4D50-815C-D52CA2CBC4AC}.Debug|Any CPU.Build.0 = Debug|Any CPU
		{380297E3-B520-4D50-815C-D52CA2CBC4AC}.Debug|ARM.ActiveCfg = Debug|Any CPU
		{380297E3-B520-4D50-815C-D52CA2CBC4AC}.Debug|ARM.Build.0 = Debug|Any CPU
		{380297E3-B520-4D50-815C-D52CA2CBC4AC}.Debug|ARM64.ActiveCfg = Debug|Any CPU
		{380297E3-B520-4D50-815C-D52CA2CBC4AC}.Debug|ARM64.Build.0 = Debug|Any CPU
		{380297E3-B520-4D50-815C-D52CA2CBC4AC}.Debug|x64.ActiveCfg = Debug|Any CPU
		{380297E3-B520-4D50-815C-D52CA2CBC4AC}.Debug|x64.Build.0 = Debug|Any CPU
		{380297E3-B520-4D50-815C-D52CA2CBC4AC}.Debug|x86.ActiveCfg = Debug|Any CPU
		{380297E3-B520-4D50-815C-D52CA2CBC4AC}.Debug|x86.Build.0 = Debug|Any CPU
		{380297E3-B520-4D50-815C-D52CA2CBC4AC}.Release|Any CPU.ActiveCfg = Release|Any CPU
		{380297E3-B520-4D50-815C-D52CA2CBC4AC}.Release|Any CPU.Build.0 = Release|Any CPU
		{380297E3-B520-4D50-815C-D52CA2CBC4AC}.Release|ARM.ActiveCfg = Release|Any CPU
		{380297E3-B520-4D50-815C-D52CA2CBC4AC}.Release|ARM.Build.0 = Release|Any CPU
		{380297E3-B520-4D50-815C-D52CA2CBC4AC}.Release|ARM64.ActiveCfg = Release|Any CPU
		{380297E3-B520-4D50-815C-D52CA2CBC4AC}.Release|ARM64.Build.0 = Release|Any CPU
		{380297E3-B520-4D50-815C-D52CA2CBC4AC}.Release|x64.ActiveCfg = Release|Any CPU
		{380297E3-B520-4D50-815C-D52CA2CBC4AC}.Release|x64.Build.0 = Release|Any CPU
		{380297E3-B520-4D50-815C-D52CA2CBC4AC}.Release|x86.ActiveCfg = Release|Any CPU
		{380297E3-B520-4D50-815C-D52CA2CBC4AC}.Release|x86.Build.0 = Release|Any CPU
		{02B1FFC2-0C7D-42C8-BEEC-1D69AF5049A7}.Debug|Any CPU.ActiveCfg = Debug|Any CPU
		{02B1FFC2-0C7D-42C8-BEEC-1D69AF5049A7}.Debug|Any CPU.Build.0 = Debug|Any CPU
		{02B1FFC2-0C7D-42C8-BEEC-1D69AF5049A7}.Debug|ARM.ActiveCfg = Debug|Any CPU
		{02B1FFC2-0C7D-42C8-BEEC-1D69AF5049A7}.Debug|ARM.Build.0 = Debug|Any CPU
		{02B1FFC2-0C7D-42C8-BEEC-1D69AF5049A7}.Debug|ARM64.ActiveCfg = Debug|Any CPU
		{02B1FFC2-0C7D-42C8-BEEC-1D69AF5049A7}.Debug|ARM64.Build.0 = Debug|Any CPU
		{02B1FFC2-0C7D-42C8-BEEC-1D69AF5049A7}.Debug|x64.ActiveCfg = Debug|Any CPU
		{02B1FFC2-0C7D-42C8-BEEC-1D69AF5049A7}.Debug|x64.Build.0 = Debug|Any CPU
		{02B1FFC2-0C7D-42C8-BEEC-1D69AF5049A7}.Debug|x86.ActiveCfg = Debug|Any CPU
		{02B1FFC2-0C7D-42C8-BEEC-1D69AF5049A7}.Debug|x86.Build.0 = Debug|Any CPU
		{02B1FFC2-0C7D-42C8-BEEC-1D69AF5049A7}.Release|Any CPU.ActiveCfg = Release|Any CPU
		{02B1FFC2-0C7D-42C8-BEEC-1D69AF5049A7}.Release|Any CPU.Build.0 = Release|Any CPU
		{02B1FFC2-0C7D-42C8-BEEC-1D69AF5049A7}.Release|ARM.ActiveCfg = Release|Any CPU
		{02B1FFC2-0C7D-42C8-BEEC-1D69AF5049A7}.Release|ARM.Build.0 = Release|Any CPU
		{02B1FFC2-0C7D-42C8-BEEC-1D69AF5049A7}.Release|ARM64.ActiveCfg = Release|Any CPU
		{02B1FFC2-0C7D-42C8-BEEC-1D69AF5049A7}.Release|ARM64.Build.0 = Release|Any CPU
		{02B1FFC2-0C7D-42C8-BEEC-1D69AF5049A7}.Release|x64.ActiveCfg = Release|Any CPU
		{02B1FFC2-0C7D-42C8-BEEC-1D69AF5049A7}.Release|x64.Build.0 = Release|Any CPU
		{02B1FFC2-0C7D-42C8-BEEC-1D69AF5049A7}.Release|x86.ActiveCfg = Release|Any CPU
		{02B1FFC2-0C7D-42C8-BEEC-1D69AF5049A7}.Release|x86.Build.0 = Release|Any CPU
		{1FF55461-9C1D-4F81-8E14-183BA33F8C01}.Debug|Any CPU.ActiveCfg = Debug|Any CPU
		{1FF55461-9C1D-4F81-8E14-183BA33F8C01}.Debug|Any CPU.Build.0 = Debug|Any CPU
		{1FF55461-9C1D-4F81-8E14-183BA33F8C01}.Debug|ARM.ActiveCfg = Debug|Any CPU
		{1FF55461-9C1D-4F81-8E14-183BA33F8C01}.Debug|ARM.Build.0 = Debug|Any CPU
		{1FF55461-9C1D-4F81-8E14-183BA33F8C01}.Debug|ARM64.ActiveCfg = Debug|Any CPU
		{1FF55461-9C1D-4F81-8E14-183BA33F8C01}.Debug|ARM64.Build.0 = Debug|Any CPU
		{1FF55461-9C1D-4F81-8E14-183BA33F8C01}.Debug|x64.ActiveCfg = Debug|Any CPU
		{1FF55461-9C1D-4F81-8E14-183BA33F8C01}.Debug|x64.Build.0 = Debug|Any CPU
		{1FF55461-9C1D-4F81-8E14-183BA33F8C01}.Debug|x86.ActiveCfg = Debug|Any CPU
		{1FF55461-9C1D-4F81-8E14-183BA33F8C01}.Debug|x86.Build.0 = Debug|Any CPU
		{1FF55461-9C1D-4F81-8E14-183BA33F8C01}.Release|Any CPU.ActiveCfg = Release|Any CPU
		{1FF55461-9C1D-4F81-8E14-183BA33F8C01}.Release|Any CPU.Build.0 = Release|Any CPU
		{1FF55461-9C1D-4F81-8E14-183BA33F8C01}.Release|ARM.ActiveCfg = Release|Any CPU
		{1FF55461-9C1D-4F81-8E14-183BA33F8C01}.Release|ARM.Build.0 = Release|Any CPU
		{1FF55461-9C1D-4F81-8E14-183BA33F8C01}.Release|ARM64.ActiveCfg = Release|Any CPU
		{1FF55461-9C1D-4F81-8E14-183BA33F8C01}.Release|ARM64.Build.0 = Release|Any CPU
		{1FF55461-9C1D-4F81-8E14-183BA33F8C01}.Release|x64.ActiveCfg = Release|Any CPU
		{1FF55461-9C1D-4F81-8E14-183BA33F8C01}.Release|x64.Build.0 = Release|Any CPU
		{1FF55461-9C1D-4F81-8E14-183BA33F8C01}.Release|x86.ActiveCfg = Release|Any CPU
		{1FF55461-9C1D-4F81-8E14-183BA33F8C01}.Release|x86.Build.0 = Release|Any CPU
		{F861B151-DF69-4A5B-9127-247642E7BDB3}.Debug|Any CPU.ActiveCfg = Debug|Any CPU
		{F861B151-DF69-4A5B-9127-247642E7BDB3}.Debug|Any CPU.Build.0 = Debug|Any CPU
		{F861B151-DF69-4A5B-9127-247642E7BDB3}.Debug|ARM.ActiveCfg = Debug|Any CPU
		{F861B151-DF69-4A5B-9127-247642E7BDB3}.Debug|ARM.Build.0 = Debug|Any CPU
		{F861B151-DF69-4A5B-9127-247642E7BDB3}.Debug|ARM64.ActiveCfg = Debug|Any CPU
		{F861B151-DF69-4A5B-9127-247642E7BDB3}.Debug|ARM64.Build.0 = Debug|Any CPU
		{F861B151-DF69-4A5B-9127-247642E7BDB3}.Debug|x64.ActiveCfg = Debug|Any CPU
		{F861B151-DF69-4A5B-9127-247642E7BDB3}.Debug|x64.Build.0 = Debug|Any CPU
		{F861B151-DF69-4A5B-9127-247642E7BDB3}.Debug|x86.ActiveCfg = Debug|Any CPU
		{F861B151-DF69-4A5B-9127-247642E7BDB3}.Debug|x86.Build.0 = Debug|Any CPU
		{F861B151-DF69-4A5B-9127-247642E7BDB3}.Release|Any CPU.ActiveCfg = Release|Any CPU
		{F861B151-DF69-4A5B-9127-247642E7BDB3}.Release|Any CPU.Build.0 = Release|Any CPU
		{F861B151-DF69-4A5B-9127-247642E7BDB3}.Release|ARM.ActiveCfg = Release|Any CPU
		{F861B151-DF69-4A5B-9127-247642E7BDB3}.Release|ARM.Build.0 = Release|Any CPU
		{F861B151-DF69-4A5B-9127-247642E7BDB3}.Release|ARM64.ActiveCfg = Release|Any CPU
		{F861B151-DF69-4A5B-9127-247642E7BDB3}.Release|ARM64.Build.0 = Release|Any CPU
		{F861B151-DF69-4A5B-9127-247642E7BDB3}.Release|x64.ActiveCfg = Release|Any CPU
		{F861B151-DF69-4A5B-9127-247642E7BDB3}.Release|x64.Build.0 = Release|Any CPU
		{F861B151-DF69-4A5B-9127-247642E7BDB3}.Release|x86.ActiveCfg = Release|Any CPU
		{F861B151-DF69-4A5B-9127-247642E7BDB3}.Release|x86.Build.0 = Release|Any CPU
	EndGlobalSection
	GlobalSection(SolutionProperties) = preSolution
		HideSolutionNode = FALSE
	EndGlobalSection
	GlobalSection(ExtensibilityGlobals) = postSolution
		SolutionGuid = {463FA83B-2623-4867-9D19-4B3B95F98017}
	EndGlobalSection
EndGlobal
