
Microsoft Visual Studio Solution File, Format Version 12.00
# Visual Studio 15
VisualStudioVersion = 15.0.27004.2005
MinimumVisualStudioVersion = 10.0.40219.1
Project("{FAE04EC0-301F-11D3-BF4B-00C04F79EFBC}") = "OpenKHS.Seeder", "OpenKHS.Seeder\OpenKHS.Seeder.csproj", "{A5809CBC-B65D-4D6C-9B40-BE00F7389E29}"
EndProject
Project("{FAE04EC0-301F-11D3-BF4B-00C04F79EFBC}") = "OpenKHS.Interfaces", "OpenKHS.Interfaces\OpenKHS.Interfaces.csproj", "{2A2760A3-B447-42AA-8001-37BBE92582DA}"
EndProject
Project("{FAE04EC0-301F-11D3-BF4B-00C04F79EFBC}") = "OpenKHS.Data", "OpenKHS.Data\OpenKHS.Data.csproj", "{15669D09-EB1E-4F56-A8F4-C6E71183A6E1}"
EndProject
Project("{FAE04EC0-301F-11D3-BF4B-00C04F79EFBC}") = "OpenKHS.ViewModels", "OpenKHS.ViewModels\OpenKHS.ViewModels.csproj", "{E3C5CBC7-94A4-4E71-B493-71A6193B43B4}"
EndProject
Project("{FAE04EC0-301F-11D3-BF4B-00C04F79EFBC}") = "OpenKHS.Models", "OpenKHS.Models\OpenKHS.Models.csproj", "{F8A01958-C187-4CA8-B255-F942E7D22BFF}"
EndProject
Project("{FAE04EC0-301F-11D3-BF4B-00C04F79EFBC}") = "OpenKHS.Views", "OpenKHS.Views\OpenKHS.Views.csproj", "{D5405F26-9AE5-4147-9BED-AC398FE998FF}"
EndProject
Project("{FAE04EC0-301F-11D3-BF4B-00C04F79EFBC}") = "OpenKHS.Controls", "OpenKHS.Controls\OpenKHS.Controls.csproj", "{4D46BCD7-6633-4E68-9BE2-2D1B2FACDD29}"
EndProject
Project("{2150E333-8FDC-42A3-9474-1A3956D46DE8}") = "Solution Items", "Solution Items", "{0AF0BADF-D89E-41BA-B552-7D4DE8CF48DB}"
	ProjectSection(SolutionItems) = preProject
		PublicTalkOutlines.json = PublicTalkOutlines.json
		PublicTalkOutlines.readme.txt = PublicTalkOutlines.readme.txt
		README.md = README.md
	EndProjectSection
EndProject
Project("{FAE04EC0-301F-11D3-BF4B-00C04F79EFBC}") = "OpenKHS.Converters", "OpenKHS.Converters\OpenKHS.Converters.csproj", "{795DA03D-64E8-48F7-B69C-158C897BAB61}"
EndProject
Project("{FAE04EC0-301F-11D3-BF4B-00C04F79EFBC}") = "OpenKHS.Test", "OpenKHS.Test\OpenKHS.Test.csproj", "{59BC7D04-3CE3-431D-85A8-3268385EE438}"
EndProject
Project("{FAE04EC0-301F-11D3-BF4B-00C04F79EFBC}") = "OpenKHS", "OpenKHS\OpenKHS.csproj", "{8F9B2503-DCA1-4B62-9888-7094063A1172}"
EndProject
Global
	GlobalSection(SolutionConfigurationPlatforms) = preSolution
		Debug|Any CPU = Debug|Any CPU
		Release|Any CPU = Release|Any CPU
	EndGlobalSection
	GlobalSection(ProjectConfigurationPlatforms) = postSolution
		{A5809CBC-B65D-4D6C-9B40-BE00F7389E29}.Debug|Any CPU.ActiveCfg = Debug|Any CPU
		{A5809CBC-B65D-4D6C-9B40-BE00F7389E29}.Debug|Any CPU.Build.0 = Debug|Any CPU
		{A5809CBC-B65D-4D6C-9B40-BE00F7389E29}.Release|Any CPU.ActiveCfg = Release|Any CPU
		{A5809CBC-B65D-4D6C-9B40-BE00F7389E29}.Release|Any CPU.Build.0 = Release|Any CPU
		{2A2760A3-B447-42AA-8001-37BBE92582DA}.Debug|Any CPU.ActiveCfg = Debug|Any CPU
		{2A2760A3-B447-42AA-8001-37BBE92582DA}.Debug|Any CPU.Build.0 = Debug|Any CPU
		{2A2760A3-B447-42AA-8001-37BBE92582DA}.Release|Any CPU.ActiveCfg = Release|Any CPU
		{2A2760A3-B447-42AA-8001-37BBE92582DA}.Release|Any CPU.Build.0 = Release|Any CPU
		{15669D09-EB1E-4F56-A8F4-C6E71183A6E1}.Debug|Any CPU.ActiveCfg = Debug|Any CPU
		{15669D09-EB1E-4F56-A8F4-C6E71183A6E1}.Debug|Any CPU.Build.0 = Debug|Any CPU
		{15669D09-EB1E-4F56-A8F4-C6E71183A6E1}.Release|Any CPU.ActiveCfg = Release|Any CPU
		{15669D09-EB1E-4F56-A8F4-C6E71183A6E1}.Release|Any CPU.Build.0 = Release|Any CPU
		{E3C5CBC7-94A4-4E71-B493-71A6193B43B4}.Debug|Any CPU.ActiveCfg = Debug|Any CPU
		{E3C5CBC7-94A4-4E71-B493-71A6193B43B4}.Debug|Any CPU.Build.0 = Debug|Any CPU
		{E3C5CBC7-94A4-4E71-B493-71A6193B43B4}.Release|Any CPU.ActiveCfg = Release|Any CPU
		{E3C5CBC7-94A4-4E71-B493-71A6193B43B4}.Release|Any CPU.Build.0 = Release|Any CPU
		{F8A01958-C187-4CA8-B255-F942E7D22BFF}.Debug|Any CPU.ActiveCfg = Debug|Any CPU
		{F8A01958-C187-4CA8-B255-F942E7D22BFF}.Debug|Any CPU.Build.0 = Debug|Any CPU
		{F8A01958-C187-4CA8-B255-F942E7D22BFF}.Release|Any CPU.ActiveCfg = Release|Any CPU
		{F8A01958-C187-4CA8-B255-F942E7D22BFF}.Release|Any CPU.Build.0 = Release|Any CPU
		{D5405F26-9AE5-4147-9BED-AC398FE998FF}.Debug|Any CPU.ActiveCfg = Debug|Any CPU
		{D5405F26-9AE5-4147-9BED-AC398FE998FF}.Debug|Any CPU.Build.0 = Debug|Any CPU
		{D5405F26-9AE5-4147-9BED-AC398FE998FF}.Release|Any CPU.ActiveCfg = Release|Any CPU
		{D5405F26-9AE5-4147-9BED-AC398FE998FF}.Release|Any CPU.Build.0 = Release|Any CPU
		{4D46BCD7-6633-4E68-9BE2-2D1B2FACDD29}.Debug|Any CPU.ActiveCfg = Debug|Any CPU
		{4D46BCD7-6633-4E68-9BE2-2D1B2FACDD29}.Debug|Any CPU.Build.0 = Debug|Any CPU
		{4D46BCD7-6633-4E68-9BE2-2D1B2FACDD29}.Release|Any CPU.ActiveCfg = Release|Any CPU
		{4D46BCD7-6633-4E68-9BE2-2D1B2FACDD29}.Release|Any CPU.Build.0 = Release|Any CPU
		{795DA03D-64E8-48F7-B69C-158C897BAB61}.Debug|Any CPU.ActiveCfg = Debug|Any CPU
		{795DA03D-64E8-48F7-B69C-158C897BAB61}.Debug|Any CPU.Build.0 = Debug|Any CPU
		{795DA03D-64E8-48F7-B69C-158C897BAB61}.Release|Any CPU.ActiveCfg = Release|Any CPU
		{795DA03D-64E8-48F7-B69C-158C897BAB61}.Release|Any CPU.Build.0 = Release|Any CPU
		{59BC7D04-3CE3-431D-85A8-3268385EE438}.Debug|Any CPU.ActiveCfg = Debug|Any CPU
		{59BC7D04-3CE3-431D-85A8-3268385EE438}.Debug|Any CPU.Build.0 = Debug|Any CPU
		{59BC7D04-3CE3-431D-85A8-3268385EE438}.Release|Any CPU.ActiveCfg = Release|Any CPU
		{59BC7D04-3CE3-431D-85A8-3268385EE438}.Release|Any CPU.Build.0 = Release|Any CPU
		{8F9B2503-DCA1-4B62-9888-7094063A1172}.Debug|Any CPU.ActiveCfg = Debug|Any CPU
		{8F9B2503-DCA1-4B62-9888-7094063A1172}.Debug|Any CPU.Build.0 = Debug|Any CPU
		{8F9B2503-DCA1-4B62-9888-7094063A1172}.Release|Any CPU.ActiveCfg = Release|Any CPU
		{8F9B2503-DCA1-4B62-9888-7094063A1172}.Release|Any CPU.Build.0 = Release|Any CPU
	EndGlobalSection
	GlobalSection(SolutionProperties) = preSolution
		HideSolutionNode = FALSE
	EndGlobalSection
	GlobalSection(ExtensibilityGlobals) = postSolution
		SolutionGuid = {463FA83B-2623-4867-9D19-4B3B95F98017}
	EndGlobalSection
EndGlobal
