
Microsoft Visual Studio Solution File, Format Version 12.00
# Visual Studio 15
VisualStudioVersion = 15.0.28307.572
MinimumVisualStudioVersion = 10.0.40219.1
Project("{FAE04EC0-301F-11D3-BF4B-00C04F79EFBC}") = "OpenKHS.Interfaces", "OpenKHS.Interfaces\OpenKHS.Interfaces.csproj", "{2A2760A3-B447-42AA-8001-37BBE92582DA}"
EndProject
Project("{FAE04EC0-301F-11D3-BF4B-00C04F79EFBC}") = "OpenKHS.Data", "OpenKHS.Data\OpenKHS.Data.csproj", "{15669D09-EB1E-4F56-A8F4-C6E71183A6E1}"
EndProject
Project("{FAE04EC0-301F-11D3-BF4B-00C04F79EFBC}") = "OpenKHS.ViewModels", "OpenKHS.ViewModels\OpenKHS.ViewModels.csproj", "{E3C5CBC7-94A4-4E71-B493-71A6193B43B4}"
EndProject
Project("{FAE04EC0-301F-11D3-BF4B-00C04F79EFBC}") = "OpenKHS.Models", "OpenKHS.Models\OpenKHS.Models.csproj", "{F8A01958-C187-4CA8-B255-F942E7D22BFF}"
EndProject
Project("{2150E333-8FDC-42A3-9474-1A3956D46DE8}") = "Solution Items", "Solution Items", "{0AF0BADF-D89E-41BA-B552-7D4DE8CF48DB}"
	ProjectSection(SolutionItems) = preProject
		COPYING = COPYING
		LICENSE = LICENSE
		PRIVACY.md = PRIVACY.md
		README.md = README.md
	EndProjectSection
EndProject
Project("{FAE04EC0-301F-11D3-BF4B-00C04F79EFBC}") = "OpenKHS.Seeder", "OpenKHS.Seeder\OpenKHS.Seeder.csproj", "{A5809CBC-B65D-4D6C-9B40-BE00F7389E29}"
EndProject
Project("{FAE04EC0-301F-11D3-BF4B-00C04F79EFBC}") = "OpenKHS.Universal", "OpenKHS.Universal\OpenKHS.Universal.csproj", "{A512AC85-3D7B-4FAC-8C10-F65AF7F47822}"
EndProject
Project("{9A19103F-16F7-4668-BE54-9A1E7A4F7556}") = "OpenKHS.Universal.Core", "OpenKHS.Universal.Core\OpenKHS.Universal.Core.csproj", "{01F6483D-36D8-442F-A591-CF7536295C9C}"
EndProject
Project("{FAE04EC0-301F-11D3-BF4B-00C04F79EFBC}") = "OpenKHS.Test", "OpenKHS.Test\OpenKHS.Test.csproj", "{59BC7D04-3CE3-431D-85A8-3268385EE438}"
EndProject
Global
	GlobalSection(SolutionConfigurationPlatforms) = preSolution
		Debug|Any CPU = Debug|Any CPU
		Debug|ARM = Debug|ARM
		Debug|ARM64 = Debug|ARM64
		Debug|x64 = Debug|x64
		Debug|x86 = Debug|x86
		Release|Any CPU = Release|Any CPU
		Release|ARM = Release|ARM
		Release|ARM64 = Release|ARM64
		Release|x64 = Release|x64
		Release|x86 = Release|x86
	EndGlobalSection
	GlobalSection(ProjectConfigurationPlatforms) = postSolution
		{2A2760A3-B447-42AA-8001-37BBE92582DA}.Debug|Any CPU.ActiveCfg = Debug|Any CPU
		{2A2760A3-B447-42AA-8001-37BBE92582DA}.Debug|Any CPU.Build.0 = Debug|Any CPU
		{2A2760A3-B447-42AA-8001-37BBE92582DA}.Debug|ARM.ActiveCfg = Debug|Any CPU
		{2A2760A3-B447-42AA-8001-37BBE92582DA}.Debug|ARM.Build.0 = Debug|Any CPU
		{2A2760A3-B447-42AA-8001-37BBE92582DA}.Debug|ARM64.ActiveCfg = Debug|Any CPU
		{2A2760A3-B447-42AA-8001-37BBE92582DA}.Debug|ARM64.Build.0 = Debug|Any CPU
		{2A2760A3-B447-42AA-8001-37BBE92582DA}.Debug|x64.ActiveCfg = Debug|Any CPU
		{2A2760A3-B447-42AA-8001-37BBE92582DA}.Debug|x64.Build.0 = Debug|Any CPU
		{2A2760A3-B447-42AA-8001-37BBE92582DA}.Debug|x86.ActiveCfg = Debug|Any CPU
		{2A2760A3-B447-42AA-8001-37BBE92582DA}.Debug|x86.Build.0 = Debug|Any CPU
		{2A2760A3-B447-42AA-8001-37BBE92582DA}.Release|Any CPU.ActiveCfg = Release|Any CPU
		{2A2760A3-B447-42AA-8001-37BBE92582DA}.Release|Any CPU.Build.0 = Release|Any CPU
		{2A2760A3-B447-42AA-8001-37BBE92582DA}.Release|ARM.ActiveCfg = Release|Any CPU
		{2A2760A3-B447-42AA-8001-37BBE92582DA}.Release|ARM.Build.0 = Release|Any CPU
		{2A2760A3-B447-42AA-8001-37BBE92582DA}.Release|ARM64.ActiveCfg = Release|Any CPU
		{2A2760A3-B447-42AA-8001-37BBE92582DA}.Release|ARM64.Build.0 = Release|Any CPU
		{2A2760A3-B447-42AA-8001-37BBE92582DA}.Release|x64.ActiveCfg = Release|Any CPU
		{2A2760A3-B447-42AA-8001-37BBE92582DA}.Release|x64.Build.0 = Release|Any CPU
		{2A2760A3-B447-42AA-8001-37BBE92582DA}.Release|x86.ActiveCfg = Release|Any CPU
		{2A2760A3-B447-42AA-8001-37BBE92582DA}.Release|x86.Build.0 = Release|Any CPU
		{15669D09-EB1E-4F56-A8F4-C6E71183A6E1}.Debug|Any CPU.ActiveCfg = Debug|Any CPU
		{15669D09-EB1E-4F56-A8F4-C6E71183A6E1}.Debug|Any CPU.Build.0 = Debug|Any CPU
		{15669D09-EB1E-4F56-A8F4-C6E71183A6E1}.Debug|ARM.ActiveCfg = Debug|Any CPU
		{15669D09-EB1E-4F56-A8F4-C6E71183A6E1}.Debug|ARM.Build.0 = Debug|Any CPU
		{15669D09-EB1E-4F56-A8F4-C6E71183A6E1}.Debug|ARM64.ActiveCfg = Debug|Any CPU
		{15669D09-EB1E-4F56-A8F4-C6E71183A6E1}.Debug|ARM64.Build.0 = Debug|Any CPU
		{15669D09-EB1E-4F56-A8F4-C6E71183A6E1}.Debug|x64.ActiveCfg = Debug|Any CPU
		{15669D09-EB1E-4F56-A8F4-C6E71183A6E1}.Debug|x64.Build.0 = Debug|Any CPU
		{15669D09-EB1E-4F56-A8F4-C6E71183A6E1}.Debug|x86.ActiveCfg = Debug|Any CPU
		{15669D09-EB1E-4F56-A8F4-C6E71183A6E1}.Debug|x86.Build.0 = Debug|Any CPU
		{15669D09-EB1E-4F56-A8F4-C6E71183A6E1}.Release|Any CPU.ActiveCfg = Release|Any CPU
		{15669D09-EB1E-4F56-A8F4-C6E71183A6E1}.Release|Any CPU.Build.0 = Release|Any CPU
		{15669D09-EB1E-4F56-A8F4-C6E71183A6E1}.Release|ARM.ActiveCfg = Release|Any CPU
		{15669D09-EB1E-4F56-A8F4-C6E71183A6E1}.Release|ARM.Build.0 = Release|Any CPU
		{15669D09-EB1E-4F56-A8F4-C6E71183A6E1}.Release|ARM64.ActiveCfg = Release|Any CPU
		{15669D09-EB1E-4F56-A8F4-C6E71183A6E1}.Release|ARM64.Build.0 = Release|Any CPU
		{15669D09-EB1E-4F56-A8F4-C6E71183A6E1}.Release|x64.ActiveCfg = Release|Any CPU
		{15669D09-EB1E-4F56-A8F4-C6E71183A6E1}.Release|x64.Build.0 = Release|Any CPU
		{15669D09-EB1E-4F56-A8F4-C6E71183A6E1}.Release|x86.ActiveCfg = Release|Any CPU
		{15669D09-EB1E-4F56-A8F4-C6E71183A6E1}.Release|x86.Build.0 = Release|Any CPU
		{E3C5CBC7-94A4-4E71-B493-71A6193B43B4}.Debug|Any CPU.ActiveCfg = Debug|Any CPU
		{E3C5CBC7-94A4-4E71-B493-71A6193B43B4}.Debug|Any CPU.Build.0 = Debug|Any CPU
		{E3C5CBC7-94A4-4E71-B493-71A6193B43B4}.Debug|ARM.ActiveCfg = Debug|Any CPU
		{E3C5CBC7-94A4-4E71-B493-71A6193B43B4}.Debug|ARM.Build.0 = Debug|Any CPU
		{E3C5CBC7-94A4-4E71-B493-71A6193B43B4}.Debug|ARM64.ActiveCfg = Debug|Any CPU
		{E3C5CBC7-94A4-4E71-B493-71A6193B43B4}.Debug|ARM64.Build.0 = Debug|Any CPU
		{E3C5CBC7-94A4-4E71-B493-71A6193B43B4}.Debug|x64.ActiveCfg = Debug|Any CPU
		{E3C5CBC7-94A4-4E71-B493-71A6193B43B4}.Debug|x64.Build.0 = Debug|Any CPU
		{E3C5CBC7-94A4-4E71-B493-71A6193B43B4}.Debug|x86.ActiveCfg = Debug|Any CPU
		{E3C5CBC7-94A4-4E71-B493-71A6193B43B4}.Debug|x86.Build.0 = Debug|Any CPU
		{E3C5CBC7-94A4-4E71-B493-71A6193B43B4}.Release|Any CPU.ActiveCfg = Release|Any CPU
		{E3C5CBC7-94A4-4E71-B493-71A6193B43B4}.Release|Any CPU.Build.0 = Release|Any CPU
		{E3C5CBC7-94A4-4E71-B493-71A6193B43B4}.Release|ARM.ActiveCfg = Release|Any CPU
		{E3C5CBC7-94A4-4E71-B493-71A6193B43B4}.Release|ARM.Build.0 = Release|Any CPU
		{E3C5CBC7-94A4-4E71-B493-71A6193B43B4}.Release|ARM64.ActiveCfg = Release|Any CPU
		{E3C5CBC7-94A4-4E71-B493-71A6193B43B4}.Release|ARM64.Build.0 = Release|Any CPU
		{E3C5CBC7-94A4-4E71-B493-71A6193B43B4}.Release|x64.ActiveCfg = Release|Any CPU
		{E3C5CBC7-94A4-4E71-B493-71A6193B43B4}.Release|x64.Build.0 = Release|Any CPU
		{E3C5CBC7-94A4-4E71-B493-71A6193B43B4}.Release|x86.ActiveCfg = Release|Any CPU
		{E3C5CBC7-94A4-4E71-B493-71A6193B43B4}.Release|x86.Build.0 = Release|Any CPU
		{F8A01958-C187-4CA8-B255-F942E7D22BFF}.Debug|Any CPU.ActiveCfg = Debug|Any CPU
		{F8A01958-C187-4CA8-B255-F942E7D22BFF}.Debug|Any CPU.Build.0 = Debug|Any CPU
		{F8A01958-C187-4CA8-B255-F942E7D22BFF}.Debug|ARM.ActiveCfg = Debug|Any CPU
		{F8A01958-C187-4CA8-B255-F942E7D22BFF}.Debug|ARM.Build.0 = Debug|Any CPU
		{F8A01958-C187-4CA8-B255-F942E7D22BFF}.Debug|ARM64.ActiveCfg = Debug|Any CPU
		{F8A01958-C187-4CA8-B255-F942E7D22BFF}.Debug|ARM64.Build.0 = Debug|Any CPU
		{F8A01958-C187-4CA8-B255-F942E7D22BFF}.Debug|x64.ActiveCfg = Debug|Any CPU
		{F8A01958-C187-4CA8-B255-F942E7D22BFF}.Debug|x64.Build.0 = Debug|Any CPU
		{F8A01958-C187-4CA8-B255-F942E7D22BFF}.Debug|x86.ActiveCfg = Debug|Any CPU
		{F8A01958-C187-4CA8-B255-F942E7D22BFF}.Debug|x86.Build.0 = Debug|Any CPU
		{F8A01958-C187-4CA8-B255-F942E7D22BFF}.Release|Any CPU.ActiveCfg = Release|Any CPU
		{F8A01958-C187-4CA8-B255-F942E7D22BFF}.Release|Any CPU.Build.0 = Release|Any CPU
		{F8A01958-C187-4CA8-B255-F942E7D22BFF}.Release|ARM.ActiveCfg = Release|Any CPU
		{F8A01958-C187-4CA8-B255-F942E7D22BFF}.Release|ARM.Build.0 = Release|Any CPU
		{F8A01958-C187-4CA8-B255-F942E7D22BFF}.Release|ARM64.ActiveCfg = Release|Any CPU
		{F8A01958-C187-4CA8-B255-F942E7D22BFF}.Release|ARM64.Build.0 = Release|Any CPU
		{F8A01958-C187-4CA8-B255-F942E7D22BFF}.Release|x64.ActiveCfg = Release|Any CPU
		{F8A01958-C187-4CA8-B255-F942E7D22BFF}.Release|x64.Build.0 = Release|Any CPU
		{F8A01958-C187-4CA8-B255-F942E7D22BFF}.Release|x86.ActiveCfg = Release|Any CPU
		{F8A01958-C187-4CA8-B255-F942E7D22BFF}.Release|x86.Build.0 = Release|Any CPU
		{A5809CBC-B65D-4D6C-9B40-BE00F7389E29}.Debug|Any CPU.ActiveCfg = Debug|Any CPU
		{A5809CBC-B65D-4D6C-9B40-BE00F7389E29}.Debug|Any CPU.Build.0 = Debug|Any CPU
		{A5809CBC-B65D-4D6C-9B40-BE00F7389E29}.Debug|ARM.ActiveCfg = Debug|Any CPU
		{A5809CBC-B65D-4D6C-9B40-BE00F7389E29}.Debug|ARM.Build.0 = Debug|Any CPU
		{A5809CBC-B65D-4D6C-9B40-BE00F7389E29}.Debug|ARM64.ActiveCfg = Debug|Any CPU
		{A5809CBC-B65D-4D6C-9B40-BE00F7389E29}.Debug|ARM64.Build.0 = Debug|Any CPU
		{A5809CBC-B65D-4D6C-9B40-BE00F7389E29}.Debug|x64.ActiveCfg = Debug|Any CPU
		{A5809CBC-B65D-4D6C-9B40-BE00F7389E29}.Debug|x64.Build.0 = Debug|Any CPU
		{A5809CBC-B65D-4D6C-9B40-BE00F7389E29}.Debug|x86.ActiveCfg = Debug|Any CPU
		{A5809CBC-B65D-4D6C-9B40-BE00F7389E29}.Debug|x86.Build.0 = Debug|Any CPU
		{A5809CBC-B65D-4D6C-9B40-BE00F7389E29}.Release|Any CPU.ActiveCfg = Release|Any CPU
		{A5809CBC-B65D-4D6C-9B40-BE00F7389E29}.Release|Any CPU.Build.0 = Release|Any CPU
		{A5809CBC-B65D-4D6C-9B40-BE00F7389E29}.Release|ARM.ActiveCfg = Release|Any CPU
		{A5809CBC-B65D-4D6C-9B40-BE00F7389E29}.Release|ARM.Build.0 = Release|Any CPU
		{A5809CBC-B65D-4D6C-9B40-BE00F7389E29}.Release|ARM64.ActiveCfg = Release|Any CPU
		{A5809CBC-B65D-4D6C-9B40-BE00F7389E29}.Release|ARM64.Build.0 = Release|Any CPU
		{A5809CBC-B65D-4D6C-9B40-BE00F7389E29}.Release|x64.ActiveCfg = Release|Any CPU
		{A5809CBC-B65D-4D6C-9B40-BE00F7389E29}.Release|x64.Build.0 = Release|Any CPU
		{A5809CBC-B65D-4D6C-9B40-BE00F7389E29}.Release|x86.ActiveCfg = Release|Any CPU
		{A5809CBC-B65D-4D6C-9B40-BE00F7389E29}.Release|x86.Build.0 = Release|Any CPU
		{A512AC85-3D7B-4FAC-8C10-F65AF7F47822}.Debug|Any CPU.ActiveCfg = Debug|x86
		{A512AC85-3D7B-4FAC-8C10-F65AF7F47822}.Debug|Any CPU.Build.0 = Debug|x86
		{A512AC85-3D7B-4FAC-8C10-F65AF7F47822}.Debug|Any CPU.Deploy.0 = Debug|x86
		{A512AC85-3D7B-4FAC-8C10-F65AF7F47822}.Debug|ARM.ActiveCfg = Debug|ARM
		{A512AC85-3D7B-4FAC-8C10-F65AF7F47822}.Debug|ARM.Build.0 = Debug|ARM
		{A512AC85-3D7B-4FAC-8C10-F65AF7F47822}.Debug|ARM.Deploy.0 = Debug|ARM
		{A512AC85-3D7B-4FAC-8C10-F65AF7F47822}.Debug|ARM64.ActiveCfg = Debug|ARM64
		{A512AC85-3D7B-4FAC-8C10-F65AF7F47822}.Debug|ARM64.Build.0 = Debug|ARM64
		{A512AC85-3D7B-4FAC-8C10-F65AF7F47822}.Debug|ARM64.Deploy.0 = Debug|ARM64
		{A512AC85-3D7B-4FAC-8C10-F65AF7F47822}.Debug|x64.ActiveCfg = Debug|x64
		{A512AC85-3D7B-4FAC-8C10-F65AF7F47822}.Debug|x64.Build.0 = Debug|x64
		{A512AC85-3D7B-4FAC-8C10-F65AF7F47822}.Debug|x64.Deploy.0 = Debug|x64
		{A512AC85-3D7B-4FAC-8C10-F65AF7F47822}.Debug|x86.ActiveCfg = Debug|x86
		{A512AC85-3D7B-4FAC-8C10-F65AF7F47822}.Debug|x86.Build.0 = Debug|x86
		{A512AC85-3D7B-4FAC-8C10-F65AF7F47822}.Debug|x86.Deploy.0 = Debug|x86
		{A512AC85-3D7B-4FAC-8C10-F65AF7F47822}.Release|Any CPU.ActiveCfg = Release|x86
		{A512AC85-3D7B-4FAC-8C10-F65AF7F47822}.Release|ARM.ActiveCfg = Release|ARM
		{A512AC85-3D7B-4FAC-8C10-F65AF7F47822}.Release|ARM.Build.0 = Release|ARM
		{A512AC85-3D7B-4FAC-8C10-F65AF7F47822}.Release|ARM.Deploy.0 = Release|ARM
		{A512AC85-3D7B-4FAC-8C10-F65AF7F47822}.Release|ARM64.ActiveCfg = Release|ARM64
		{A512AC85-3D7B-4FAC-8C10-F65AF7F47822}.Release|ARM64.Build.0 = Release|ARM64
		{A512AC85-3D7B-4FAC-8C10-F65AF7F47822}.Release|ARM64.Deploy.0 = Release|ARM64
		{A512AC85-3D7B-4FAC-8C10-F65AF7F47822}.Release|x64.ActiveCfg = Release|x64
		{A512AC85-3D7B-4FAC-8C10-F65AF7F47822}.Release|x64.Build.0 = Release|x64
		{A512AC85-3D7B-4FAC-8C10-F65AF7F47822}.Release|x64.Deploy.0 = Release|x64
		{A512AC85-3D7B-4FAC-8C10-F65AF7F47822}.Release|x86.ActiveCfg = Release|x86
		{A512AC85-3D7B-4FAC-8C10-F65AF7F47822}.Release|x86.Build.0 = Release|x86
		{A512AC85-3D7B-4FAC-8C10-F65AF7F47822}.Release|x86.Deploy.0 = Release|x86
		{01F6483D-36D8-442F-A591-CF7536295C9C}.Debug|Any CPU.ActiveCfg = Debug|Any CPU
		{01F6483D-36D8-442F-A591-CF7536295C9C}.Debug|Any CPU.Build.0 = Debug|Any CPU
		{01F6483D-36D8-442F-A591-CF7536295C9C}.Debug|ARM.ActiveCfg = Debug|Any CPU
		{01F6483D-36D8-442F-A591-CF7536295C9C}.Debug|ARM.Build.0 = Debug|Any CPU
		{01F6483D-36D8-442F-A591-CF7536295C9C}.Debug|ARM64.ActiveCfg = Debug|Any CPU
		{01F6483D-36D8-442F-A591-CF7536295C9C}.Debug|ARM64.Build.0 = Debug|Any CPU
		{01F6483D-36D8-442F-A591-CF7536295C9C}.Debug|x64.ActiveCfg = Debug|Any CPU
		{01F6483D-36D8-442F-A591-CF7536295C9C}.Debug|x64.Build.0 = Debug|Any CPU
		{01F6483D-36D8-442F-A591-CF7536295C9C}.Debug|x86.ActiveCfg = Debug|Any CPU
		{01F6483D-36D8-442F-A591-CF7536295C9C}.Debug|x86.Build.0 = Debug|Any CPU
		{01F6483D-36D8-442F-A591-CF7536295C9C}.Release|Any CPU.ActiveCfg = Release|Any CPU
		{01F6483D-36D8-442F-A591-CF7536295C9C}.Release|Any CPU.Build.0 = Release|Any CPU
		{01F6483D-36D8-442F-A591-CF7536295C9C}.Release|ARM.ActiveCfg = Release|Any CPU
		{01F6483D-36D8-442F-A591-CF7536295C9C}.Release|ARM.Build.0 = Release|Any CPU
		{01F6483D-36D8-442F-A591-CF7536295C9C}.Release|ARM64.ActiveCfg = Release|Any CPU
		{01F6483D-36D8-442F-A591-CF7536295C9C}.Release|ARM64.Build.0 = Release|Any CPU
		{01F6483D-36D8-442F-A591-CF7536295C9C}.Release|x64.ActiveCfg = Release|Any CPU
		{01F6483D-36D8-442F-A591-CF7536295C9C}.Release|x64.Build.0 = Release|Any CPU
		{01F6483D-36D8-442F-A591-CF7536295C9C}.Release|x86.ActiveCfg = Release|Any CPU
		{01F6483D-36D8-442F-A591-CF7536295C9C}.Release|x86.Build.0 = Release|Any CPU
		{59BC7D04-3CE3-431D-85A8-3268385EE438}.Debug|Any CPU.ActiveCfg = Debug|Any CPU
		{59BC7D04-3CE3-431D-85A8-3268385EE438}.Debug|Any CPU.Build.0 = Debug|Any CPU
		{59BC7D04-3CE3-431D-85A8-3268385EE438}.Debug|ARM.ActiveCfg = Debug|Any CPU
		{59BC7D04-3CE3-431D-85A8-3268385EE438}.Debug|ARM.Build.0 = Debug|Any CPU
		{59BC7D04-3CE3-431D-85A8-3268385EE438}.Debug|ARM64.ActiveCfg = Debug|Any CPU
		{59BC7D04-3CE3-431D-85A8-3268385EE438}.Debug|ARM64.Build.0 = Debug|Any CPU
		{59BC7D04-3CE3-431D-85A8-3268385EE438}.Debug|x64.ActiveCfg = Debug|Any CPU
		{59BC7D04-3CE3-431D-85A8-3268385EE438}.Debug|x64.Build.0 = Debug|Any CPU
		{59BC7D04-3CE3-431D-85A8-3268385EE438}.Debug|x86.ActiveCfg = Debug|Any CPU
		{59BC7D04-3CE3-431D-85A8-3268385EE438}.Debug|x86.Build.0 = Debug|Any CPU
		{59BC7D04-3CE3-431D-85A8-3268385EE438}.Release|Any CPU.ActiveCfg = Release|Any CPU
		{59BC7D04-3CE3-431D-85A8-3268385EE438}.Release|Any CPU.Build.0 = Release|Any CPU
		{59BC7D04-3CE3-431D-85A8-3268385EE438}.Release|ARM.ActiveCfg = Release|Any CPU
		{59BC7D04-3CE3-431D-85A8-3268385EE438}.Release|ARM.Build.0 = Release|Any CPU
		{59BC7D04-3CE3-431D-85A8-3268385EE438}.Release|ARM64.ActiveCfg = Release|Any CPU
		{59BC7D04-3CE3-431D-85A8-3268385EE438}.Release|ARM64.Build.0 = Release|Any CPU
		{59BC7D04-3CE3-431D-85A8-3268385EE438}.Release|x64.ActiveCfg = Release|Any CPU
		{59BC7D04-3CE3-431D-85A8-3268385EE438}.Release|x64.Build.0 = Release|Any CPU
		{59BC7D04-3CE3-431D-85A8-3268385EE438}.Release|x86.ActiveCfg = Release|Any CPU
		{59BC7D04-3CE3-431D-85A8-3268385EE438}.Release|x86.Build.0 = Release|Any CPU
	EndGlobalSection
	GlobalSection(SolutionProperties) = preSolution
		HideSolutionNode = FALSE
	EndGlobalSection
	GlobalSection(ExtensibilityGlobals) = postSolution
		SolutionGuid = {463FA83B-2623-4867-9D19-4B3B95F98017}
	EndGlobalSection
EndGlobal
